// !$*UTF8*$!
{
	archiveVersion = 1;
	classes = {
	};
	objectVersion = 46;
	objects = {

/* Begin PBXBuildFile section */
		0A16520E1AC604470060E5A4 /* Event.m in Sources */ = {isa = PBXBuildFile; fileRef = 0A16520D1AC604470060E5A4 /* Event.m */; };
		5AA885661A81AFDA002CE5F4 /* main.m in Sources */ = {isa = PBXBuildFile; fileRef = 5AA885651A81AFDA002CE5F4 /* main.m */; };
		5AA885691A81AFDA002CE5F4 /* AppDelegate.m in Sources */ = {isa = PBXBuildFile; fileRef = 5AA885681A81AFDA002CE5F4 /* AppDelegate.m */; };
		5AA885861A81AFDA002CE5F4 /* Git_TaskRabbitTests.m in Sources */ = {isa = PBXBuildFile; fileRef = 5AA885851A81AFDA002CE5F4 /* Git_TaskRabbitTests.m */; };
		5AA885A11A81B613002CE5F4 /* EventsViewController.m in Sources */ = {isa = PBXBuildFile; fileRef = 5AA885951A81B613002CE5F4 /* EventsViewController.m */; };
		5AA885A21A81B613002CE5F4 /* Git_TaskRabbit.xcdatamodeld in Sources */ = {isa = PBXBuildFile; fileRef = 5AA885971A81B613002CE5F4 /* Git_TaskRabbit.xcdatamodeld */; };
		5AA885A31A81B613002CE5F4 /* LaunchScreen.xib in Resources */ = {isa = PBXBuildFile; fileRef = 5AA8859A1A81B613002CE5F4 /* LaunchScreen.xib */; };
		5AA885A51A81B613002CE5F4 /* Images.xcassets in Resources */ = {isa = PBXBuildFile; fileRef = 5AA8859E1A81B613002CE5F4 /* Images.xcassets */; };
		5AA885A81A81B72A002CE5F4 /* RepoDetailViewController.m in Sources */ = {isa = PBXBuildFile; fileRef = 5AA885A71A81B72A002CE5F4 /* RepoDetailViewController.m */; };
		5AA885AC1A81B798002CE5F4 /* RepoDetailViewController.xib in Resources */ = {isa = PBXBuildFile; fileRef = 5AA885AB1A81B798002CE5F4 /* RepoDetailViewController.xib */; };
		5AC343C91A81F93E00DFB581 /* octicons.ttf in Resources */ = {isa = PBXBuildFile; fileRef = 5AC343C81A81F93E00DFB581 /* octicons.ttf */; };
		5AC343D71A81FA4700DFB581 /* EventCollectionViewCell.m in Sources */ = {isa = PBXBuildFile; fileRef = 5AC343D51A81FA4700DFB581 /* EventCollectionViewCell.m */; };
		5AC343DC1A81FACA00DFB581 /* UserCollectionViewCell.m in Sources */ = {isa = PBXBuildFile; fileRef = 5AC343DA1A81FACA00DFB581 /* UserCollectionViewCell.m */; };
		5AC343E21A81FB2400DFB581 /* EventCollectionViewCell.xib in Resources */ = {isa = PBXBuildFile; fileRef = 5AC343DE1A81FB2400DFB581 /* EventCollectionViewCell.xib */; };
		5AC343E31A81FB2400DFB581 /* UserCollectionViewCell.xib in Resources */ = {isa = PBXBuildFile; fileRef = 5AC343E01A81FB2400DFB581 /* UserCollectionViewCell.xib */; };
		5AC343F11A82249200DFB581 /* EventsViewController.xib in Resources */ = {isa = PBXBuildFile; fileRef = 5AC343EF1A82249200DFB581 /* EventsViewController.xib */; };
		77BF103E88F5B6FBDB0D5A22 /* libPods-Git-TaskRabbit.a in Frameworks */ = {isa = PBXBuildFile; fileRef = B8A7C5143761E74B60F5A18B /* libPods-Git-TaskRabbit.a */; };
/* End PBXBuildFile section */

/* Begin PBXContainerItemProxy section */
		5AA885801A81AFDA002CE5F4 /* PBXContainerItemProxy */ = {
			isa = PBXContainerItemProxy;
			containerPortal = 5AA885581A81AFDA002CE5F4 /* Project object */;
			proxyType = 1;
			remoteGlobalIDString = 5AA8855F1A81AFDA002CE5F4;
			remoteInfo = "Git-TaskRabbit";
		};
/* End PBXContainerItemProxy section */

/* Begin PBXFileReference section */
		0A16520C1AC604470060E5A4 /* Event.h */ = {isa = PBXFileReference; fileEncoding = 4; lastKnownFileType = sourcecode.c.h; path = Event.h; sourceTree = "<group>"; };
		0A16520D1AC604470060E5A4 /* Event.m */ = {isa = PBXFileReference; fileEncoding = 4; lastKnownFileType = sourcecode.c.objc; path = Event.m; sourceTree = "<group>"; };
		5AA885601A81AFDA002CE5F4 /* Git-TaskRabbit.app */ = {isa = PBXFileReference; explicitFileType = wrapper.application; includeInIndex = 0; path = "Git-TaskRabbit.app"; sourceTree = BUILT_PRODUCTS_DIR; };
		5AA885641A81AFDA002CE5F4 /* Info.plist */ = {isa = PBXFileReference; lastKnownFileType = text.plist.xml; path = Info.plist; sourceTree = "<group>"; };
		5AA885651A81AFDA002CE5F4 /* main.m */ = {isa = PBXFileReference; lastKnownFileType = sourcecode.c.objc; path = main.m; sourceTree = "<group>"; };
		5AA885671A81AFDA002CE5F4 /* AppDelegate.h */ = {isa = PBXFileReference; lastKnownFileType = sourcecode.c.h; path = AppDelegate.h; sourceTree = "<group>"; };
		5AA885681A81AFDA002CE5F4 /* AppDelegate.m */ = {isa = PBXFileReference; lastKnownFileType = sourcecode.c.objc; path = AppDelegate.m; sourceTree = "<group>"; };
		5AA8857F1A81AFDA002CE5F4 /* Git-TaskRabbitTests.xctest */ = {isa = PBXFileReference; explicitFileType = wrapper.cfbundle; includeInIndex = 0; path = "Git-TaskRabbitTests.xctest"; sourceTree = BUILT_PRODUCTS_DIR; };
		5AA885841A81AFDA002CE5F4 /* Info.plist */ = {isa = PBXFileReference; lastKnownFileType = text.plist.xml; path = Info.plist; sourceTree = "<group>"; };
		5AA885851A81AFDA002CE5F4 /* Git_TaskRabbitTests.m */ = {isa = PBXFileReference; lastKnownFileType = sourcecode.c.objc; path = Git_TaskRabbitTests.m; sourceTree = "<group>"; };
		5AA885941A81B613002CE5F4 /* EventsViewController.h */ = {isa = PBXFileReference; fileEncoding = 4; lastKnownFileType = sourcecode.c.h; path = EventsViewController.h; sourceTree = "<group>"; };
		5AA885951A81B613002CE5F4 /* EventsViewController.m */ = {isa = PBXFileReference; fileEncoding = 4; lastKnownFileType = sourcecode.c.objc; path = EventsViewController.m; sourceTree = "<group>"; };
		5AA885981A81B613002CE5F4 /* Git_TaskRabbit.xcdatamodel */ = {isa = PBXFileReference; lastKnownFileType = wrapper.xcdatamodel; path = Git_TaskRabbit.xcdatamodel; sourceTree = "<group>"; };
		5AA8859B1A81B613002CE5F4 /* Base */ = {isa = PBXFileReference; lastKnownFileType = file.xib; name = Base; path = Base.lproj/LaunchScreen.xib; sourceTree = "<group>"; };
		5AA8859E1A81B613002CE5F4 /* Images.xcassets */ = {isa = PBXFileReference; lastKnownFileType = folder.assetcatalog; path = Images.xcassets; sourceTree = "<group>"; };
		5AA885A61A81B72A002CE5F4 /* RepoDetailViewController.h */ = {isa = PBXFileReference; fileEncoding = 4; lastKnownFileType = sourcecode.c.h; path = RepoDetailViewController.h; sourceTree = "<group>"; };
		5AA885A71A81B72A002CE5F4 /* RepoDetailViewController.m */ = {isa = PBXFileReference; fileEncoding = 4; lastKnownFileType = sourcecode.c.objc; path = RepoDetailViewController.m; sourceTree = "<group>"; };
		5AA885AB1A81B798002CE5F4 /* RepoDetailViewController.xib */ = {isa = PBXFileReference; fileEncoding = 4; lastKnownFileType = file.xib; name = RepoDetailViewController.xib; path = Base.lproj/RepoDetailViewController.xib; sourceTree = "<group>"; };
		5AC343C81A81F93E00DFB581 /* octicons.ttf */ = {isa = PBXFileReference; lastKnownFileType = file; path = octicons.ttf; sourceTree = "<group>"; };
		5AC343D41A81FA4700DFB581 /* EventCollectionViewCell.h */ = {isa = PBXFileReference; fileEncoding = 4; lastKnownFileType = sourcecode.c.h; path = EventCollectionViewCell.h; sourceTree = "<group>"; };
		5AC343D51A81FA4700DFB581 /* EventCollectionViewCell.m */ = {isa = PBXFileReference; fileEncoding = 4; lastKnownFileType = sourcecode.c.objc; path = EventCollectionViewCell.m; sourceTree = "<group>"; };
		5AC343D91A81FACA00DFB581 /* UserCollectionViewCell.h */ = {isa = PBXFileReference; fileEncoding = 4; lastKnownFileType = sourcecode.c.h; path = UserCollectionViewCell.h; sourceTree = "<group>"; };
		5AC343DA1A81FACA00DFB581 /* UserCollectionViewCell.m */ = {isa = PBXFileReference; fileEncoding = 4; lastKnownFileType = sourcecode.c.objc; path = UserCollectionViewCell.m; sourceTree = "<group>"; };
		5AC343DF1A81FB2400DFB581 /* Base */ = {isa = PBXFileReference; lastKnownFileType = file.xib; name = Base; path = Base.lproj/EventCollectionViewCell.xib; sourceTree = "<group>"; };
		5AC343E11A81FB2400DFB581 /* Base */ = {isa = PBXFileReference; lastKnownFileType = file.xib; name = Base; path = Base.lproj/UserCollectionViewCell.xib; sourceTree = "<group>"; };
		5AC343F01A82249200DFB581 /* Base */ = {isa = PBXFileReference; lastKnownFileType = file.xib; name = Base; path = Base.lproj/EventsViewController.xib; sourceTree = "<group>"; };
		73C58C77077CA04764EF9F10 /* Pods-Git-TaskRabbit.debug.xcconfig */ = {isa = PBXFileReference; includeInIndex = 1; lastKnownFileType = text.xcconfig; name = "Pods-Git-TaskRabbit.debug.xcconfig"; path = "Pods/Target Support Files/Pods-Git-TaskRabbit/Pods-Git-TaskRabbit.debug.xcconfig"; sourceTree = "<group>"; };
		87DDFCA1EBCA07D85C6307B6 /* Pods-Git-TaskRabbit.release.xcconfig */ = {isa = PBXFileReference; includeInIndex = 1; lastKnownFileType = text.xcconfig; name = "Pods-Git-TaskRabbit.release.xcconfig"; path = "Pods/Target Support Files/Pods-Git-TaskRabbit/Pods-Git-TaskRabbit.release.xcconfig"; sourceTree = "<group>"; };
		B8A7C5143761E74B60F5A18B /* libPods-Git-TaskRabbit.a */ = {isa = PBXFileReference; explicitFileType = archive.ar; includeInIndex = 0; path = "libPods-Git-TaskRabbit.a"; sourceTree = BUILT_PRODUCTS_DIR; };
/* End PBXFileReference section */

/* Begin PBXFrameworksBuildPhase section */
		5AA8855D1A81AFDA002CE5F4 /* Frameworks */ = {
			isa = PBXFrameworksBuildPhase;
			buildActionMask = 2147483647;
			files = (
				77BF103E88F5B6FBDB0D5A22 /* libPods-Git-TaskRabbit.a in Frameworks */,
			);
			runOnlyForDeploymentPostprocessing = 0;
		};
		5AA8857C1A81AFDA002CE5F4 /* Frameworks */ = {
			isa = PBXFrameworksBuildPhase;
			buildActionMask = 2147483647;
			files = (
			);
			runOnlyForDeploymentPostprocessing = 0;
		};
/* End PBXFrameworksBuildPhase section */

/* Begin PBXGroup section */
		5AA885571A81AFDA002CE5F4 = {
			isa = PBXGroup;
			children = (
				5AA885621A81AFDA002CE5F4 /* Git-TaskRabbit */,
				5AA885821A81AFDA002CE5F4 /* Git-TaskRabbitTests */,
				5AA885611A81AFDA002CE5F4 /* Products */,
				AC1B7A0E137EFB8272208932 /* Frameworks */,
				C40D6D3583CFDF741C2B1774 /* Pods */,
			);
			sourceTree = "<group>";
		};
		5AA885611A81AFDA002CE5F4 /* Products */ = {
			isa = PBXGroup;
			children = (
				5AA885601A81AFDA002CE5F4 /* Git-TaskRabbit.app */,
				5AA8857F1A81AFDA002CE5F4 /* Git-TaskRabbitTests.xctest */,
			);
			name = Products;
			sourceTree = "<group>";
		};
		5AA885621A81AFDA002CE5F4 /* Git-TaskRabbit */ = {
			isa = PBXGroup;
			children = (
				5AA885911A81B613002CE5F4 /* Controllers */,
				5AA885961A81B613002CE5F4 /* Models */,
				5AA885991A81B613002CE5F4 /* Resources */,
				5AA8859F1A81B613002CE5F4 /* Views */,
				5AA885671A81AFDA002CE5F4 /* AppDelegate.h */,
				5AA885681A81AFDA002CE5F4 /* AppDelegate.m */,
				5AA885631A81AFDA002CE5F4 /* Supporting Files */,
			);
			path = "Git-TaskRabbit";
			sourceTree = "<group>";
		};
		5AA885631A81AFDA002CE5F4 /* Supporting Files */ = {
			isa = PBXGroup;
			children = (
				5AA885641A81AFDA002CE5F4 /* Info.plist */,
				5AA885651A81AFDA002CE5F4 /* main.m */,
			);
			name = "Supporting Files";
			sourceTree = "<group>";
		};
		5AA885821A81AFDA002CE5F4 /* Git-TaskRabbitTests */ = {
			isa = PBXGroup;
			children = (
				5AA885851A81AFDA002CE5F4 /* Git_TaskRabbitTests.m */,
				5AA885831A81AFDA002CE5F4 /* Supporting Files */,
			);
			path = "Git-TaskRabbitTests";
			sourceTree = "<group>";
		};
		5AA885831A81AFDA002CE5F4 /* Supporting Files */ = {
			isa = PBXGroup;
			children = (
				5AA885841A81AFDA002CE5F4 /* Info.plist */,
			);
			name = "Supporting Files";
			sourceTree = "<group>";
		};
		5AA885911A81B613002CE5F4 /* Controllers */ = {
			isa = PBXGroup;
			children = (
				5AA885941A81B613002CE5F4 /* EventsViewController.h */,
				5AA885951A81B613002CE5F4 /* EventsViewController.m */,
				5AA885A61A81B72A002CE5F4 /* RepoDetailViewController.h */,
				5AA885A71A81B72A002CE5F4 /* RepoDetailViewController.m */,
			);
			path = Controllers;
			sourceTree = "<group>";
		};
		5AA885961A81B613002CE5F4 /* Models */ = {
			isa = PBXGroup;
			children = (
				5AA885971A81B613002CE5F4 /* Git_TaskRabbit.xcdatamodeld */,
				0A16520C1AC604470060E5A4 /* Event.h */,
				0A16520D1AC604470060E5A4 /* Event.m */,
			);
			path = Models;
			sourceTree = "<group>";
		};
		5AA885991A81B613002CE5F4 /* Resources */ = {
			isa = PBXGroup;
			children = (
				5AC343DE1A81FB2400DFB581 /* EventCollectionViewCell.xib */,
				5AC343EF1A82249200DFB581 /* EventsViewController.xib */,
				5AA8859A1A81B613002CE5F4 /* LaunchScreen.xib */,
				5AA885AB1A81B798002CE5F4 /* RepoDetailViewController.xib */,
				5AC343E01A81FB2400DFB581 /* UserCollectionViewCell.xib */,
				5AC343C81A81F93E00DFB581 /* octicons.ttf */,
				5AA8859E1A81B613002CE5F4 /* Images.xcassets */,
			);
			path = Resources;
			sourceTree = "<group>";
		};
		5AA8859F1A81B613002CE5F4 /* Views */ = {
			isa = PBXGroup;
			children = (
				5AC343D41A81FA4700DFB581 /* EventCollectionViewCell.h */,
				5AC343D51A81FA4700DFB581 /* EventCollectionViewCell.m */,
				5AC343D91A81FACA00DFB581 /* UserCollectionViewCell.h */,
				5AC343DA1A81FACA00DFB581 /* UserCollectionViewCell.m */,
			);
			path = Views;
			sourceTree = "<group>";
		};
		AC1B7A0E137EFB8272208932 /* Frameworks */ = {
			isa = PBXGroup;
			children = (
				B8A7C5143761E74B60F5A18B /* libPods-Git-TaskRabbit.a */,
			);
			name = Frameworks;
			sourceTree = "<group>";
		};
		C40D6D3583CFDF741C2B1774 /* Pods */ = {
			isa = PBXGroup;
			children = (
				73C58C77077CA04764EF9F10 /* Pods-Git-TaskRabbit.debug.xcconfig */,
				87DDFCA1EBCA07D85C6307B6 /* Pods-Git-TaskRabbit.release.xcconfig */,
			);
			name = Pods;
			sourceTree = "<group>";
		};
/* End PBXGroup section */

/* Begin PBXNativeTarget section */
		5AA8855F1A81AFDA002CE5F4 /* Git-TaskRabbit */ = {
			isa = PBXNativeTarget;
			buildConfigurationList = 5AA885891A81AFDA002CE5F4 /* Build configuration list for PBXNativeTarget "Git-TaskRabbit" */;
			buildPhases = (
				BACEC34D1BA6F64D9A6F2D46 /* Check Pods Manifest.lock */,
				5AA8855C1A81AFDA002CE5F4 /* Sources */,
				5AA8855D1A81AFDA002CE5F4 /* Frameworks */,
				5AA8855E1A81AFDA002CE5F4 /* Resources */,
				F1035717862203B9F80A1D13 /* Copy Pods Resources */,
			);
			buildRules = (
			);
			dependencies = (
			);
			name = "Git-TaskRabbit";
			productName = "Git-TaskRabbit";
			productReference = 5AA885601A81AFDA002CE5F4 /* Git-TaskRabbit.app */;
			productType = "com.apple.product-type.application";
		};
		5AA8857E1A81AFDA002CE5F4 /* Git-TaskRabbitTests */ = {
			isa = PBXNativeTarget;
			buildConfigurationList = 5AA8858C1A81AFDA002CE5F4 /* Build configuration list for PBXNativeTarget "Git-TaskRabbitTests" */;
			buildPhases = (
				5AA8857B1A81AFDA002CE5F4 /* Sources */,
				5AA8857C1A81AFDA002CE5F4 /* Frameworks */,
				5AA8857D1A81AFDA002CE5F4 /* Resources */,
			);
			buildRules = (
			);
			dependencies = (
				5AA885811A81AFDA002CE5F4 /* PBXTargetDependency */,
			);
			name = "Git-TaskRabbitTests";
			productName = "Git-TaskRabbitTests";
			productReference = 5AA8857F1A81AFDA002CE5F4 /* Git-TaskRabbitTests.xctest */;
			productType = "com.apple.product-type.bundle.unit-test";
		};
/* End PBXNativeTarget section */

/* Begin PBXProject section */
		5AA885581A81AFDA002CE5F4 /* Project object */ = {
			isa = PBXProject;
			attributes = {
				LastUpgradeCheck = 0610;
				ORGANIZATIONNAME = TaskRabbit;
				TargetAttributes = {
					5AA8855F1A81AFDA002CE5F4 = {
						CreatedOnToolsVersion = 6.1.1;
					};
					5AA8857E1A81AFDA002CE5F4 = {
						CreatedOnToolsVersion = 6.1.1;
						TestTargetID = 5AA8855F1A81AFDA002CE5F4;
					};
				};
			};
			buildConfigurationList = 5AA8855B1A81AFDA002CE5F4 /* Build configuration list for PBXProject "Git-TaskRabbit" */;
			compatibilityVersion = "Xcode 3.2";
			developmentRegion = English;
			hasScannedForEncodings = 0;
			knownRegions = (
				en,
				Base,
			);
			mainGroup = 5AA885571A81AFDA002CE5F4;
			productRefGroup = 5AA885611A81AFDA002CE5F4 /* Products */;
			projectDirPath = "";
			projectRoot = "";
			targets = (
				5AA8855F1A81AFDA002CE5F4 /* Git-TaskRabbit */,
				5AA8857E1A81AFDA002CE5F4 /* Git-TaskRabbitTests */,
			);
		};
/* End PBXProject section */

/* Begin PBXResourcesBuildPhase section */
		5AA8855E1A81AFDA002CE5F4 /* Resources */ = {
			isa = PBXResourcesBuildPhase;
			buildActionMask = 2147483647;
			files = (
				5AC343F11A82249200DFB581 /* EventsViewController.xib in Resources */,
				5AC343E31A81FB2400DFB581 /* UserCollectionViewCell.xib in Resources */,
				5AA885AC1A81B798002CE5F4 /* RepoDetailViewController.xib in Resources */,
				5AA885A51A81B613002CE5F4 /* Images.xcassets in Resources */,
				5AC343E21A81FB2400DFB581 /* EventCollectionViewCell.xib in Resources */,
				5AC343C91A81F93E00DFB581 /* octicons.ttf in Resources */,
				5AA885A31A81B613002CE5F4 /* LaunchScreen.xib in Resources */,
			);
			runOnlyForDeploymentPostprocessing = 0;
		};
		5AA8857D1A81AFDA002CE5F4 /* Resources */ = {
			isa = PBXResourcesBuildPhase;
			buildActionMask = 2147483647;
			files = (
			);
			runOnlyForDeploymentPostprocessing = 0;
		};
/* End PBXResourcesBuildPhase section */

/* Begin PBXShellScriptBuildPhase section */
		BACEC34D1BA6F64D9A6F2D46 /* Check Pods Manifest.lock */ = {
			isa = PBXShellScriptBuildPhase;
			buildActionMask = 2147483647;
			files = (
			);
			inputPaths = (
			);
			name = "Check Pods Manifest.lock";
			outputPaths = (
			);
			runOnlyForDeploymentPostprocessing = 0;
			shellPath = /bin/sh;
			shellScript = "diff \"${PODS_ROOT}/../Podfile.lock\" \"${PODS_ROOT}/Manifest.lock\" > /dev/null\nif [[ $? != 0 ]] ; then\n    cat << EOM\nerror: The sandbox is not in sync with the Podfile.lock. Run 'pod install' or update your CocoaPods installation.\nEOM\n    exit 1\nfi\n";
			showEnvVarsInLog = 0;
		};
		F1035717862203B9F80A1D13 /* Copy Pods Resources */ = {
			isa = PBXShellScriptBuildPhase;
			buildActionMask = 2147483647;
			files = (
			);
			inputPaths = (
			);
			name = "Copy Pods Resources";
			outputPaths = (
			);
			runOnlyForDeploymentPostprocessing = 0;
			shellPath = /bin/sh;
			shellScript = "\"${SRCROOT}/Pods/Target Support Files/Pods-Git-TaskRabbit/Pods-Git-TaskRabbit-resources.sh\"\n";
			showEnvVarsInLog = 0;
		};
/* End PBXShellScriptBuildPhase section */

/* Begin PBXSourcesBuildPhase section */
		5AA8855C1A81AFDA002CE5F4 /* Sources */ = {
			isa = PBXSourcesBuildPhase;
			buildActionMask = 2147483647;
			files = (
				5AC343D71A81FA4700DFB581 /* EventCollectionViewCell.m in Sources */,
				5AC343DC1A81FACA00DFB581 /* UserCollectionViewCell.m in Sources */,
				5AA885A11A81B613002CE5F4 /* EventsViewController.m in Sources */,
				5AA885691A81AFDA002CE5F4 /* AppDelegate.m in Sources */,
				0A16520E1AC604470060E5A4 /* Event.m in Sources */,
				5AA885661A81AFDA002CE5F4 /* main.m in Sources */,
				5AA885A81A81B72A002CE5F4 /* RepoDetailViewController.m in Sources */,
				5AA885A21A81B613002CE5F4 /* Git_TaskRabbit.xcdatamodeld in Sources */,
			);
			runOnlyForDeploymentPostprocessing = 0;
		};
		5AA8857B1A81AFDA002CE5F4 /* Sources */ = {
			isa = PBXSourcesBuildPhase;
			buildActionMask = 2147483647;
			files = (
				5AA885861A81AFDA002CE5F4 /* Git_TaskRabbitTests.m in Sources */,
			);
			runOnlyForDeploymentPostprocessing = 0;
		};
/* End PBXSourcesBuildPhase section */

/* Begin PBXTargetDependency section */
		5AA885811A81AFDA002CE5F4 /* PBXTargetDependency */ = {
			isa = PBXTargetDependency;
			target = 5AA8855F1A81AFDA002CE5F4 /* Git-TaskRabbit */;
			targetProxy = 5AA885801A81AFDA002CE5F4 /* PBXContainerItemProxy */;
		};
/* End PBXTargetDependency section */

/* Begin PBXVariantGroup section */
		5AA8859A1A81B613002CE5F4 /* LaunchScreen.xib */ = {
			isa = PBXVariantGroup;
			children = (
				5AA8859B1A81B613002CE5F4 /* Base */,
			);
			name = LaunchScreen.xib;
			sourceTree = "<group>";
		};
		5AC343DE1A81FB2400DFB581 /* EventCollectionViewCell.xib */ = {
			isa = PBXVariantGroup;
			children = (
				5AC343DF1A81FB2400DFB581 /* Base */,
			);
			name = EventCollectionViewCell.xib;
			sourceTree = "<group>";
		};
		5AC343E01A81FB2400DFB581 /* UserCollectionViewCell.xib */ = {
			isa = PBXVariantGroup;
			children = (
				5AC343E11A81FB2400DFB581 /* Base */,
			);
			name = UserCollectionViewCell.xib;
			sourceTree = "<group>";
		};
		5AC343EF1A82249200DFB581 /* EventsViewController.xib */ = {
			isa = PBXVariantGroup;
			children = (
				5AC343F01A82249200DFB581 /* Base */,
			);
			name = EventsViewController.xib;
			sourceTree = "<group>";
		};
/* End PBXVariantGroup section */

/* Begin XCBuildConfiguration section */
		5AA885871A81AFDA002CE5F4 /* Debug */ = {
			isa = XCBuildConfiguration;
			buildSettings = {
				ALWAYS_SEARCH_USER_PATHS = NO;
				CLANG_CXX_LANGUAGE_STANDARD = "gnu++0x";
				CLANG_CXX_LIBRARY = "libc++";
				CLANG_ENABLE_MODULES = YES;
				CLANG_ENABLE_OBJC_ARC = YES;
				CLANG_WARN_BOOL_CONVERSION = YES;
				CLANG_WARN_CONSTANT_CONVERSION = YES;
				CLANG_WARN_DIRECT_OBJC_ISA_USAGE = YES_ERROR;
				CLANG_WARN_EMPTY_BODY = YES;
				CLANG_WARN_ENUM_CONVERSION = YES;
				CLANG_WARN_INT_CONVERSION = YES;
				CLANG_WARN_OBJC_ROOT_CLASS = YES_ERROR;
				CLANG_WARN_UNREACHABLE_CODE = YES;
				CLANG_WARN__DUPLICATE_METHOD_MATCH = YES;
				"CODE_SIGN_IDENTITY[sdk=iphoneos*]" = "iPhone Developer";
				COPY_PHASE_STRIP = NO;
				ENABLE_STRICT_OBJC_MSGSEND = YES;
				GCC_C_LANGUAGE_STANDARD = gnu99;
				GCC_DYNAMIC_NO_PIC = NO;
				GCC_OPTIMIZATION_LEVEL = 0;
				GCC_PREPROCESSOR_DEFINITIONS = (
					"DEBUG=1",
					"$(inherited)",
				);
				GCC_SYMBOLS_PRIVATE_EXTERN = NO;
				GCC_WARN_64_TO_32_BIT_CONVERSION = YES;
				GCC_WARN_ABOUT_RETURN_TYPE = YES_ERROR;
				GCC_WARN_UNDECLARED_SELECTOR = YES;
				GCC_WARN_UNINITIALIZED_AUTOS = YES_AGGRESSIVE;
				GCC_WARN_UNUSED_FUNCTION = YES;
				GCC_WARN_UNUSED_VARIABLE = YES;
				IPHONEOS_DEPLOYMENT_TARGET = 8.1;
				MTL_ENABLE_DEBUG_INFO = YES;
				ONLY_ACTIVE_ARCH = YES;
				SDKROOT = iphoneos;
			};
			name = Debug;
		};
		5AA885881A81AFDA002CE5F4 /* Release */ = {
			isa = XCBuildConfiguration;
			buildSettings = {
				ALWAYS_SEARCH_USER_PATHS = NO;
				CLANG_CXX_LANGUAGE_STANDARD = "gnu++0x";
				CLANG_CXX_LIBRARY = "libc++";
				CLANG_ENABLE_MODULES = YES;
				CLANG_ENABLE_OBJC_ARC = YES;
				CLANG_WARN_BOOL_CONVERSION = YES;
				CLANG_WARN_CONSTANT_CONVERSION = YES;
				CLANG_WARN_DIRECT_OBJC_ISA_USAGE = YES_ERROR;
				CLANG_WARN_EMPTY_BODY = YES;
				CLANG_WARN_ENUM_CONVERSION = YES;
				CLANG_WARN_INT_CONVERSION = YES;
				CLANG_WARN_OBJC_ROOT_CLASS = YES_ERROR;
				CLANG_WARN_UNREACHABLE_CODE = YES;
				CLANG_WARN__DUPLICATE_METHOD_MATCH = YES;
				"CODE_SIGN_IDENTITY[sdk=iphoneos*]" = "iPhone Developer";
				COPY_PHASE_STRIP = YES;
				ENABLE_NS_ASSERTIONS = NO;
				ENABLE_STRICT_OBJC_MSGSEND = YES;
				GCC_C_LANGUAGE_STANDARD = gnu99;
				GCC_WARN_64_TO_32_BIT_CONVERSION = YES;
				GCC_WARN_ABOUT_RETURN_TYPE = YES_ERROR;
				GCC_WARN_UNDECLARED_SELECTOR = YES;
				GCC_WARN_UNINITIALIZED_AUTOS = YES_AGGRESSIVE;
				GCC_WARN_UNUSED_FUNCTION = YES;
				GCC_WARN_UNUSED_VARIABLE = YES;
				IPHONEOS_DEPLOYMENT_TARGET = 8.1;
				MTL_ENABLE_DEBUG_INFO = NO;
				SDKROOT = iphoneos;
				VALIDATE_PRODUCT = YES;
			};
			name = Release;
		};
		5AA8858A1A81AFDA002CE5F4 /* Debug */ = {
			isa = XCBuildConfiguration;
			baseConfigurationReference = 73C58C77077CA04764EF9F10 /* Pods-Git-TaskRabbit.debug.xcconfig */;
			buildSettings = {
				ASSETCATALOG_COMPILER_APPICON_NAME = AppIcon;
				INFOPLIST_FILE = "Git-TaskRabbit/Info.plist";
				IPHONEOS_DEPLOYMENT_TARGET = 8.0;
				LD_RUNPATH_SEARCH_PATHS = "$(inherited) @executable_path/Frameworks";
				PRODUCT_NAME = "$(TARGET_NAME)";
			};
			name = Debug;
		};
		5AA8858B1A81AFDA002CE5F4 /* Release */ = {
			isa = XCBuildConfiguration;
			baseConfigurationReference = 87DDFCA1EBCA07D85C6307B6 /* Pods-Git-TaskRabbit.release.xcconfig */;
			buildSettings = {
				ASSETCATALOG_COMPILER_APPICON_NAME = AppIcon;
				INFOPLIST_FILE = "Git-TaskRabbit/Info.plist";
				IPHONEOS_DEPLOYMENT_TARGET = 8.0;
				LD_RUNPATH_SEARCH_PATHS = "$(inherited) @executable_path/Frameworks";
				PRODUCT_NAME = "$(TARGET_NAME)";
			};
			name = Release;
		};
		5AA8858D1A81AFDA002CE5F4 /* Debug */ = {
			isa = XCBuildConfiguration;
			buildSettings = {
				BUNDLE_LOADER = "$(TEST_HOST)";
				FRAMEWORK_SEARCH_PATHS = (
					"$(SDKROOT)/Developer/Library/Frameworks",
					"$(inherited)",
				);
				GCC_PREPROCESSOR_DEFINITIONS = (
					"DEBUG=1",
					"$(inherited)",
				);
				INFOPLIST_FILE = "Git-TaskRabbitTests/Info.plist";
				LD_RUNPATH_SEARCH_PATHS = "$(inherited) @executable_path/Frameworks @loader_path/Frameworks";
				PRODUCT_NAME = "$(TARGET_NAME)";
				TEST_HOST = "$(BUILT_PRODUCTS_DIR)/Git-TaskRabbit.app/Git-TaskRabbit";
			};
			name = Debug;
		};
		5AA8858E1A81AFDA002CE5F4 /* Release */ = {
			isa = XCBuildConfiguration;
			buildSettings = {
				BUNDLE_LOADER = "$(TEST_HOST)";
				FRAMEWORK_SEARCH_PATHS = (
					"$(SDKROOT)/Developer/Library/Frameworks",
					"$(inherited)",
				);
				INFOPLIST_FILE = "Git-TaskRabbitTests/Info.plist";
				LD_RUNPATH_SEARCH_PATHS = "$(inherited) @executable_path/Frameworks @loader_path/Frameworks";
				PRODUCT_NAME = "$(TARGET_NAME)";
				TEST_HOST = "$(BUILT_PRODUCTS_DIR)/Git-TaskRabbit.app/Git-TaskRabbit";
			};
			name = Release;
		};
/* End XCBuildConfiguration section */

/* Begin XCConfigurationList section */
		5AA8855B1A81AFDA002CE5F4 /* Build configuration list for PBXProject "Git-TaskRabbit" */ = {
			isa = XCConfigurationList;
			buildConfigurations = (
				5AA885871A81AFDA002CE5F4 /* Debug */,
				5AA885881A81AFDA002CE5F4 /* Release */,
			);
			defaultConfigurationIsVisible = 0;
			defaultConfigurationName = Release;
		};
		5AA885891A81AFDA002CE5F4 /* Build configuration list for PBXNativeTarget "Git-TaskRabbit" */ = {
			isa = XCConfigurationList;
			buildConfigurations = (
				5AA8858A1A81AFDA002CE5F4 /* Debug */,
				5AA8858B1A81AFDA002CE5F4 /* Release */,
			);
			defaultConfigurationIsVisible = 0;
			defaultConfigurationName = Release;
		};
		5AA8858C1A81AFDA002CE5F4 /* Build configuration list for PBXNativeTarget "Git-TaskRabbitTests" */ = {
			isa = XCConfigurationList;
			buildConfigurations = (
				5AA8858D1A81AFDA002CE5F4 /* Debug */,
				5AA8858E1A81AFDA002CE5F4 /* Release */,
			);
			defaultConfigurationIsVisible = 0;
			defaultConfigurationName = Release;
		};
/* End XCConfigurationList section */

/* Begin XCVersionGroup section */
		5AA885971A81B613002CE5F4 /* Git_TaskRabbit.xcdatamodeld */ = {
			isa = XCVersionGroup;
			children = (
				5AA885981A81B613002CE5F4 /* Git_TaskRabbit.xcdatamodel */,
			);
			currentVersion = 5AA885981A81B613002CE5F4 /* Git_TaskRabbit.xcdatamodel */;
			path = Git_TaskRabbit.xcdatamodeld;
			sourceTree = "<group>";
			versionGroupType = wrapper.xcdatamodel;
		};
/* End XCVersionGroup section */
	};
	rootObject = 5AA885581A81AFDA002CE5F4 /* Project object */;
}
